
Microsoft Visual Studio Solution File, Format Version 12.00
# Visual Studio Version 16
VisualStudioVersion = 16.0.31424.327
MinimumVisualStudioVersion = 10.0.40219.1
Project("{FAE04EC0-301F-11D3-BF4B-00C04F79EFBC}") = "12.Manuel.Set.Exercise.02", "12.Manuel.Set.Exercise.02\12.Manuel.Set.Exercise.02.csproj", "{828098CF-2CE7-475F-B121-256BE7764A5A}"
EndProject
Global
	GlobalSection(SolutionConfigurationPlatforms) = preSolution
		Debug|Any CPU = Debug|Any CPU
		Release|Any CPU = Release|Any CPU
	EndGlobalSection
	GlobalSection(ProjectConfigurationPlatforms) = postSolution
		{828098CF-2CE7-475F-B121-256BE7764A5A}.Debug|Any CPU.ActiveCfg = Debug|Any CPU
		{828098CF-2CE7-475F-B121-256BE7764A5A}.Debug|Any CPU.Build.0 = Debug|Any CPU
		{828098CF-2CE7-475F-B121-256BE7764A5A}.Release|Any CPU.ActiveCfg = Release|Any CPU
		{828098CF-2CE7-475F-B121-256BE7764A5A}.Release|Any CPU.Build.0 = Release|Any CPU
	EndGlobalSection
	GlobalSection(SolutionProperties) = preSolution
		HideSolutionNode = FALSE
	EndGlobalSection
	GlobalSection(ExtensibilityGlobals) = postSolution
		SolutionGuid = {8996F5B0-EB63-48F0-BB24-D7B2E69625AF}
	EndGlobalSection
EndGlobal
